
Microsoft Visual Studio Solution File, Format Version 12.00
# Visual Studio Version 17
VisualStudioVersion = 17.4.33205.214
MinimumVisualStudioVersion = 10.0.40219.1
Project("{9A19103F-16F7-4668-BE54-9A1E7A4F7556}") = "Practice1", "Practice1\Practice1.csproj", "{626C03FA-59E0-4174-9EBA-2B4C85318613}"
EndProject
Project("{9A19103F-16F7-4668-BE54-9A1E7A4F7556}") = "Lesson3", "Lesson3\Lesson3.csproj", "{B97C4B12-FD39-4B1B-B94E-B43947082019}"
EndProject
Project("{9A19103F-16F7-4668-BE54-9A1E7A4F7556}") = "NoteBookMarket", "NoteBookMarket\NoteBookMarket.csproj", "{4F0BFE2A-256E-42B1-BF64-CC7F86E57E00}"
EndProject
Project("{9A19103F-16F7-4668-BE54-9A1E7A4F7556}") = "Country", "Country\Country.csproj", "{7CA7255B-B0AA-4680-B37E-CA3E115C9000}"
EndProject
Project("{9A19103F-16F7-4668-BE54-9A1E7A4F7556}") = "DeliveryProj", "DeliveryProj\DeliveryProj.csproj", "{D80210C4-28CD-46D5-9008-4BF81CBB2D12}"
EndProject
Project("{9A19103F-16F7-4668-BE54-9A1E7A4F7556}") = "Delegates", "Delegates\Delegates.csproj", "{DC1ACA33-F3EC-4278-AA39-F3A8F90B4196}"
EndProject
Project("{FAE04EC0-301F-11D3-BF4B-00C04F79EFBC}") = "Generics", "Generics\Generics.csproj", "{69788981-A1D5-410D-A2E6-DE01E47EABB2}"
EndProject
Global
	GlobalSection(SolutionConfigurationPlatforms) = preSolution
		Debug|Any CPU = Debug|Any CPU
		Release|Any CPU = Release|Any CPU
	EndGlobalSection
	GlobalSection(ProjectConfigurationPlatforms) = postSolution
		{626C03FA-59E0-4174-9EBA-2B4C85318613}.Debug|Any CPU.ActiveCfg = Debug|Any CPU
		{626C03FA-59E0-4174-9EBA-2B4C85318613}.Debug|Any CPU.Build.0 = Debug|Any CPU
		{626C03FA-59E0-4174-9EBA-2B4C85318613}.Release|Any CPU.ActiveCfg = Release|Any CPU
		{626C03FA-59E0-4174-9EBA-2B4C85318613}.Release|Any CPU.Build.0 = Release|Any CPU
		{B97C4B12-FD39-4B1B-B94E-B43947082019}.Debug|Any CPU.ActiveCfg = Debug|Any CPU
		{B97C4B12-FD39-4B1B-B94E-B43947082019}.Debug|Any CPU.Build.0 = Debug|Any CPU
		{B97C4B12-FD39-4B1B-B94E-B43947082019}.Release|Any CPU.ActiveCfg = Release|Any CPU
		{B97C4B12-FD39-4B1B-B94E-B43947082019}.Release|Any CPU.Build.0 = Release|Any CPU
		{4F0BFE2A-256E-42B1-BF64-CC7F86E57E00}.Debug|Any CPU.ActiveCfg = Debug|Any CPU
		{4F0BFE2A-256E-42B1-BF64-CC7F86E57E00}.Debug|Any CPU.Build.0 = Debug|Any CPU
		{4F0BFE2A-256E-42B1-BF64-CC7F86E57E00}.Release|Any CPU.ActiveCfg = Release|Any CPU
		{4F0BFE2A-256E-42B1-BF64-CC7F86E57E00}.Release|Any CPU.Build.0 = Release|Any CPU
		{7CA7255B-B0AA-4680-B37E-CA3E115C9000}.Debug|Any CPU.ActiveCfg = Debug|Any CPU
		{7CA7255B-B0AA-4680-B37E-CA3E115C9000}.Debug|Any CPU.Build.0 = Debug|Any CPU
		{7CA7255B-B0AA-4680-B37E-CA3E115C9000}.Release|Any CPU.ActiveCfg = Release|Any CPU
		{7CA7255B-B0AA-4680-B37E-CA3E115C9000}.Release|Any CPU.Build.0 = Release|Any CPU
		{D80210C4-28CD-46D5-9008-4BF81CBB2D12}.Debug|Any CPU.ActiveCfg = Debug|Any CPU
		{D80210C4-28CD-46D5-9008-4BF81CBB2D12}.Debug|Any CPU.Build.0 = Debug|Any CPU
		{D80210C4-28CD-46D5-9008-4BF81CBB2D12}.Release|Any CPU.ActiveCfg = Release|Any CPU
		{D80210C4-28CD-46D5-9008-4BF81CBB2D12}.Release|Any CPU.Build.0 = Release|Any CPU
		{DC1ACA33-F3EC-4278-AA39-F3A8F90B4196}.Debug|Any CPU.ActiveCfg = Debug|Any CPU
		{DC1ACA33-F3EC-4278-AA39-F3A8F90B4196}.Debug|Any CPU.Build.0 = Debug|Any CPU
		{DC1ACA33-F3EC-4278-AA39-F3A8F90B4196}.Release|Any CPU.ActiveCfg = Release|Any CPU
		{DC1ACA33-F3EC-4278-AA39-F3A8F90B4196}.Release|Any CPU.Build.0 = Release|Any CPU
		{69788981-A1D5-410D-A2E6-DE01E47EABB2}.Debug|Any CPU.ActiveCfg = Debug|Any CPU
		{69788981-A1D5-410D-A2E6-DE01E47EABB2}.Debug|Any CPU.Build.0 = Debug|Any CPU
		{69788981-A1D5-410D-A2E6-DE01E47EABB2}.Release|Any CPU.ActiveCfg = Release|Any CPU
		{69788981-A1D5-410D-A2E6-DE01E47EABB2}.Release|Any CPU.Build.0 = Release|Any CPU
	EndGlobalSection
	GlobalSection(SolutionProperties) = preSolution
		HideSolutionNode = FALSE
	EndGlobalSection
	GlobalSection(ExtensibilityGlobals) = postSolution
		SolutionGuid = {37B68F51-3D06-4533-89D8-CC852AD21B08}
	EndGlobalSection
EndGlobal
